// !$*UTF8*$!
{
	archiveVersion = 1;
	classes = {
	};
	objectVersion = 46;
	objects = {

/* Begin PBXBuildFile section */
		F5FD02E11E69457B003F38C3 /* main.m in Sources */ = {isa = PBXBuildFile; fileRef = F5FD02E01E69457B003F38C3 /* main.m */; };
		F5FD02E41E69457B003F38C3 /* AppDelegate.m in Sources */ = {isa = PBXBuildFile; fileRef = F5FD02E31E69457B003F38C3 /* AppDelegate.m */; };
		F5FD02E71E69457B003F38C3 /* ViewController.m in Sources */ = {isa = PBXBuildFile; fileRef = F5FD02E61E69457B003F38C3 /* ViewController.m */; };
		F5FD02EA1E69457B003F38C3 /* Main.storyboard in Resources */ = {isa = PBXBuildFile; fileRef = F5FD02E81E69457B003F38C3 /* Main.storyboard */; };
		F5FD02EC1E69457B003F38C3 /* Assets.xcassets in Resources */ = {isa = PBXBuildFile; fileRef = F5FD02EB1E69457B003F38C3 /* Assets.xcassets */; };
		F5FD02EF1E69457B003F38C3 /* LaunchScreen.storyboard in Resources */ = {isa = PBXBuildFile; fileRef = F5FD02ED1E69457B003F38C3 /* LaunchScreen.storyboard */; };
		F5FD02FA1E69457B003F38C3 /* RuntimeAssistTests.m in Sources */ = {isa = PBXBuildFile; fileRef = F5FD02F91E69457B003F38C3 /* RuntimeAssistTests.m */; };
		F5FD03051E69457B003F38C3 /* RuntimeAssistUITests.m in Sources */ = {isa = PBXBuildFile; fileRef = F5FD03041E69457B003F38C3 /* RuntimeAssistUITests.m */; };
		F5FD03141E694598003F38C3 /* RuntimeAssist.m in Sources */ = {isa = PBXBuildFile; fileRef = F5FD03131E694598003F38C3 /* RuntimeAssist.m */; };
/* End PBXBuildFile section */

/* Begin PBXContainerItemProxy section */
		F5FD02F61E69457B003F38C3 /* PBXContainerItemProxy */ = {
			isa = PBXContainerItemProxy;
			containerPortal = F5FD02D41E69457B003F38C3 /* Project object */;
			proxyType = 1;
			remoteGlobalIDString = F5FD02DB1E69457B003F38C3;
			remoteInfo = RuntimeAssist;
		};
		F5FD03011E69457B003F38C3 /* PBXContainerItemProxy */ = {
			isa = PBXContainerItemProxy;
			containerPortal = F5FD02D41E69457B003F38C3 /* Project object */;
			proxyType = 1;
			remoteGlobalIDString = F5FD02DB1E69457B003F38C3;
			remoteInfo = RuntimeAssist;
		};
/* End PBXContainerItemProxy section */

/* Begin PBXFileReference section */
		F5FD02DC1E69457B003F38C3 /* RuntimeAssist.app */ = {isa = PBXFileReference; explicitFileType = wrapper.application; includeInIndex = 0; path = RuntimeAssist.app; sourceTree = BUILT_PRODUCTS_DIR; };
		F5FD02E01E69457B003F38C3 /* main.m */ = {isa = PBXFileReference; lastKnownFileType = sourcecode.c.objc; path = main.m; sourceTree = "<group>"; };
		F5FD02E21E69457B003F38C3 /* AppDelegate.h */ = {isa = PBXFileReference; lastKnownFileType = sourcecode.c.h; path = AppDelegate.h; sourceTree = "<group>"; };
		F5FD02E31E69457B003F38C3 /* AppDelegate.m */ = {isa = PBXFileReference; lastKnownFileType = sourcecode.c.objc; path = AppDelegate.m; sourceTree = "<group>"; };
		F5FD02E51E69457B003F38C3 /* ViewController.h */ = {isa = PBXFileReference; lastKnownFileType = sourcecode.c.h; path = ViewController.h; sourceTree = "<group>"; };
		F5FD02E61E69457B003F38C3 /* ViewController.m */ = {isa = PBXFileReference; lastKnownFileType = sourcecode.c.objc; path = ViewController.m; sourceTree = "<group>"; };
		F5FD02E91E69457B003F38C3 /* Base */ = {isa = PBXFileReference; lastKnownFileType = file.storyboard; name = Base; path = Base.lproj/Main.storyboard; sourceTree = "<group>"; };
		F5FD02EB1E69457B003F38C3 /* Assets.xcassets */ = {isa = PBXFileReference; lastKnownFileType = folder.assetcatalog; path = Assets.xcassets; sourceTree = "<group>"; };
		F5FD02EE1E69457B003F38C3 /* Base */ = {isa = PBXFileReference; lastKnownFileType = file.storyboard; name = Base; path = Base.lproj/LaunchScreen.storyboard; sourceTree = "<group>"; };
		F5FD02F01E69457B003F38C3 /* Info.plist */ = {isa = PBXFileReference; lastKnownFileType = text.plist.xml; path = Info.plist; sourceTree = "<group>"; };
		F5FD02F51E69457B003F38C3 /* RuntimeAssistTests.xctest */ = {isa = PBXFileReference; explicitFileType = wrapper.cfbundle; includeInIndex = 0; path = RuntimeAssistTests.xctest; sourceTree = BUILT_PRODUCTS_DIR; };
		F5FD02F91E69457B003F38C3 /* RuntimeAssistTests.m */ = {isa = PBXFileReference; lastKnownFileType = sourcecode.c.objc; path = RuntimeAssistTests.m; sourceTree = "<group>"; };
		F5FD02FB1E69457B003F38C3 /* Info.plist */ = {isa = PBXFileReference; lastKnownFileType = text.plist.xml; path = Info.plist; sourceTree = "<group>"; };
		F5FD03001E69457B003F38C3 /* RuntimeAssistUITests.xctest */ = {isa = PBXFileReference; explicitFileType = wrapper.cfbundle; includeInIndex = 0; path = RuntimeAssistUITests.xctest; sourceTree = BUILT_PRODUCTS_DIR; };
		F5FD03041E69457B003F38C3 /* RuntimeAssistUITests.m */ = {isa = PBXFileReference; lastKnownFileType = sourcecode.c.objc; path = RuntimeAssistUITests.m; sourceTree = "<group>"; };
		F5FD03061E69457B003F38C3 /* Info.plist */ = {isa = PBXFileReference; lastKnownFileType = text.plist.xml; path = Info.plist; sourceTree = "<group>"; };
		F5FD03121E694598003F38C3 /* RuntimeAssist.h */ = {isa = PBXFileReference; fileEncoding = 4; lastKnownFileType = sourcecode.c.h; path = RuntimeAssist.h; sourceTree = "<group>"; };
		F5FD03131E694598003F38C3 /* RuntimeAssist.m */ = {isa = PBXFileReference; fileEncoding = 4; lastKnownFileType = sourcecode.c.objc; path = RuntimeAssist.m; sourceTree = "<group>"; };
/* End PBXFileReference section */

/* Begin PBXFrameworksBuildPhase section */
		F5FD02D91E69457B003F38C3 /* Frameworks */ = {
			isa = PBXFrameworksBuildPhase;
			buildActionMask = 2147483647;
			files = (
			);
			runOnlyForDeploymentPostprocessing = 0;
		};
		F5FD02F21E69457B003F38C3 /* Frameworks */ = {
			isa = PBXFrameworksBuildPhase;
			buildActionMask = 2147483647;
			files = (
			);
			runOnlyForDeploymentPostprocessing = 0;
		};
		F5FD02FD1E69457B003F38C3 /* Frameworks */ = {
			isa = PBXFrameworksBuildPhase;
			buildActionMask = 2147483647;
			files = (
			);
			runOnlyForDeploymentPostprocessing = 0;
		};
/* End PBXFrameworksBuildPhase section */

/* Begin PBXGroup section */
		F5FD02D31E69457B003F38C3 = {
			isa = PBXGroup;
			children = (
				F5FD02DE1E69457B003F38C3 /* RuntimeAssist */,
				F5FD02F81E69457B003F38C3 /* RuntimeAssistTests */,
				F5FD03031E69457B003F38C3 /* RuntimeAssistUITests */,
				F5FD02DD1E69457B003F38C3 /* Products */,
			);
			sourceTree = "<group>";
		};
		F5FD02DD1E69457B003F38C3 /* Products */ = {
			isa = PBXGroup;
			children = (
				F5FD02DC1E69457B003F38C3 /* RuntimeAssist.app */,
				F5FD02F51E69457B003F38C3 /* RuntimeAssistTests.xctest */,
				F5FD03001E69457B003F38C3 /* RuntimeAssistUITests.xctest */,
			);
			name = Products;
			sourceTree = "<group>";
		};
		F5FD02DE1E69457B003F38C3 /* RuntimeAssist */ = {
			isa = PBXGroup;
			children = (
				F5FD02E21E69457B003F38C3 /* AppDelegate.h */,
				F5FD02E31E69457B003F38C3 /* AppDelegate.m */,
				F5FD02E51E69457B003F38C3 /* ViewController.h */,
				F5FD02E61E69457B003F38C3 /* ViewController.m */,
				F5FD03121E694598003F38C3 /* RuntimeAssist.h */,
				F5FD03131E694598003F38C3 /* RuntimeAssist.m */,
				F5FD02E81E69457B003F38C3 /* Main.storyboard */,
				F5FD02EB1E69457B003F38C3 /* Assets.xcassets */,
				F5FD02ED1E69457B003F38C3 /* LaunchScreen.storyboard */,
				F5FD02F01E69457B003F38C3 /* Info.plist */,
				F5FD02DF1E69457B003F38C3 /* Supporting Files */,
			);
			path = RuntimeAssist;
			sourceTree = "<group>";
		};
		F5FD02DF1E69457B003F38C3 /* Supporting Files */ = {
			isa = PBXGroup;
			children = (
				F5FD02E01E69457B003F38C3 /* main.m */,
			);
			name = "Supporting Files";
			sourceTree = "<group>";
		};
		F5FD02F81E69457B003F38C3 /* RuntimeAssistTests */ = {
			isa = PBXGroup;
			children = (
				F5FD02F91E69457B003F38C3 /* RuntimeAssistTests.m */,
				F5FD02FB1E69457B003F38C3 /* Info.plist */,
			);
			path = RuntimeAssistTests;
			sourceTree = "<group>";
		};
		F5FD03031E69457B003F38C3 /* RuntimeAssistUITests */ = {
			isa = PBXGroup;
			children = (
				F5FD03041E69457B003F38C3 /* RuntimeAssistUITests.m */,
				F5FD03061E69457B003F38C3 /* Info.plist */,
			);
			path = RuntimeAssistUITests;
			sourceTree = "<group>";
		};
/* End PBXGroup section */

/* Begin PBXNativeTarget section */
		F5FD02DB1E69457B003F38C3 /* RuntimeAssist */ = {
			isa = PBXNativeTarget;
			buildConfigurationList = F5FD03091E69457B003F38C3 /* Build configuration list for PBXNativeTarget "RuntimeAssist" */;
			buildPhases = (
				F5FD02D81E69457B003F38C3 /* Sources */,
				F5FD02D91E69457B003F38C3 /* Frameworks */,
				F5FD02DA1E69457B003F38C3 /* Resources */,
			);
			buildRules = (
			);
			dependencies = (
			);
			name = RuntimeAssist;
			productName = RuntimeAssist;
			productReference = F5FD02DC1E69457B003F38C3 /* RuntimeAssist.app */;
			productType = "com.apple.product-type.application";
		};
		F5FD02F41E69457B003F38C3 /* RuntimeAssistTests */ = {
			isa = PBXNativeTarget;
			buildConfigurationList = F5FD030C1E69457B003F38C3 /* Build configuration list for PBXNativeTarget "RuntimeAssistTests" */;
			buildPhases = (
				F5FD02F11E69457B003F38C3 /* Sources */,
				F5FD02F21E69457B003F38C3 /* Frameworks */,
				F5FD02F31E69457B003F38C3 /* Resources */,
			);
			buildRules = (
			);
			dependencies = (
				F5FD02F71E69457B003F38C3 /* PBXTargetDependency */,
			);
			name = RuntimeAssistTests;
			productName = RuntimeAssistTests;
			productReference = F5FD02F51E69457B003F38C3 /* RuntimeAssistTests.xctest */;
			productType = "com.apple.product-type.bundle.unit-test";
		};
		F5FD02FF1E69457B003F38C3 /* RuntimeAssistUITests */ = {
			isa = PBXNativeTarget;
			buildConfigurationList = F5FD030F1E69457B003F38C3 /* Build configuration list for PBXNativeTarget "RuntimeAssistUITests" */;
			buildPhases = (
				F5FD02FC1E69457B003F38C3 /* Sources */,
				F5FD02FD1E69457B003F38C3 /* Frameworks */,
				F5FD02FE1E69457B003F38C3 /* Resources */,
			);
			buildRules = (
			);
			dependencies = (
				F5FD03021E69457B003F38C3 /* PBXTargetDependency */,
			);
			name = RuntimeAssistUITests;
			productName = RuntimeAssistUITests;
			productReference = F5FD03001E69457B003F38C3 /* RuntimeAssistUITests.xctest */;
			productType = "com.apple.product-type.bundle.ui-testing";
		};
/* End PBXNativeTarget section */

/* Begin PBXProject section */
		F5FD02D41E69457B003F38C3 /* Project object */ = {
			isa = PBXProject;
			attributes = {
				LastUpgradeCheck = 0820;
				ORGANIZATIONNAME = xiushan.fan;
				TargetAttributes = {
					F5FD02DB1E69457B003F38C3 = {
						CreatedOnToolsVersion = 8.2.1;
						ProvisioningStyle = Automatic;
					};
					F5FD02F41E69457B003F38C3 = {
						CreatedOnToolsVersion = 8.2.1;
						ProvisioningStyle = Automatic;
						TestTargetID = F5FD02DB1E69457B003F38C3;
					};
					F5FD02FF1E69457B003F38C3 = {
						CreatedOnToolsVersion = 8.2.1;
						ProvisioningStyle = Automatic;
						TestTargetID = F5FD02DB1E69457B003F38C3;
					};
				};
			};
			buildConfigurationList = F5FD02D71E69457B003F38C3 /* Build configuration list for PBXProject "RuntimeAssist" */;
			compatibilityVersion = "Xcode 3.2";
			developmentRegion = English;
			hasScannedForEncodings = 0;
			knownRegions = (
				en,
				Base,
			);
			mainGroup = F5FD02D31E69457B003F38C3;
			productRefGroup = F5FD02DD1E69457B003F38C3 /* Products */;
			projectDirPath = "";
			projectRoot = "";
			targets = (
				F5FD02DB1E69457B003F38C3 /* RuntimeAssist */,
				F5FD02F41E69457B003F38C3 /* RuntimeAssistTests */,
				F5FD02FF1E69457B003F38C3 /* RuntimeAssistUITests */,
			);
		};
/* End PBXProject section */

/* Begin PBXResourcesBuildPhase section */
		F5FD02DA1E69457B003F38C3 /* Resources */ = {
			isa = PBXResourcesBuildPhase;
			buildActionMask = 2147483647;
			files = (
				F5FD02EF1E69457B003F38C3 /* LaunchScreen.storyboard in Resources */,
				F5FD02EC1E69457B003F38C3 /* Assets.xcassets in Resources */,
				F5FD02EA1E69457B003F38C3 /* Main.storyboard in Resources */,
			);
			runOnlyForDeploymentPostprocessing = 0;
		};
		F5FD02F31E69457B003F38C3 /* Resources */ = {
			isa = PBXResourcesBuildPhase;
			buildActionMask = 2147483647;
			files = (
			);
			runOnlyForDeploymentPostprocessing = 0;
		};
		F5FD02FE1E69457B003F38C3 /* Resources */ = {
			isa = PBXResourcesBuildPhase;
			buildActionMask = 2147483647;
			files = (
			);
			runOnlyForDeploymentPostprocessing = 0;
		};
/* End PBXResourcesBuildPhase section */

/* Begin PBXSourcesBuildPhase section */
		F5FD02D81E69457B003F38C3 /* Sources */ = {
			isa = PBXSourcesBuildPhase;
			buildActionMask = 2147483647;
			files = (
				F5FD02E71E69457B003F38C3 /* ViewController.m in Sources */,
				F5FD03141E694598003F38C3 /* RuntimeAssist.m in Sources */,
				F5FD02E41E69457B003F38C3 /* AppDelegate.m in Sources */,
				F5FD02E11E69457B003F38C3 /* main.m in Sources */,
			);
			runOnlyForDeploymentPostprocessing = 0;
		};
		F5FD02F11E69457B003F38C3 /* Sources */ = {
			isa = PBXSourcesBuildPhase;
			buildActionMask = 2147483647;
			files = (
				F5FD02FA1E69457B003F38C3 /* RuntimeAssistTests.m in Sources */,
			);
			runOnlyForDeploymentPostprocessing = 0;
		};
		F5FD02FC1E69457B003F38C3 /* Sources */ = {
			isa = PBXSourcesBuildPhase;
			buildActionMask = 2147483647;
			files = (
				F5FD03051E69457B003F38C3 /* RuntimeAssistUITests.m in Sources */,
			);
			runOnlyForDeploymentPostprocessing = 0;
		};
/* End PBXSourcesBuildPhase section */

/* Begin PBXTargetDependency section */
		F5FD02F71E69457B003F38C3 /* PBXTargetDependency */ = {
			isa = PBXTargetDependency;
			target = F5FD02DB1E69457B003F38C3 /* RuntimeAssist */;
			targetProxy = F5FD02F61E69457B003F38C3 /* PBXContainerItemProxy */;
		};
		F5FD03021E69457B003F38C3 /* PBXTargetDependency */ = {
			isa = PBXTargetDependency;
			target = F5FD02DB1E69457B003F38C3 /* RuntimeAssist */;
			targetProxy = F5FD03011E69457B003F38C3 /* PBXContainerItemProxy */;
		};
/* End PBXTargetDependency section */

/* Begin PBXVariantGroup section */
		F5FD02E81E69457B003F38C3 /* Main.storyboard */ = {
			isa = PBXVariantGroup;
			children = (
				F5FD02E91E69457B003F38C3 /* Base */,
			);
			name = Main.storyboard;
			sourceTree = "<group>";
		};
		F5FD02ED1E69457B003F38C3 /* LaunchScreen.storyboard */ = {
			isa = PBXVariantGroup;
			children = (
				F5FD02EE1E69457B003F38C3 /* Base */,
			);
			name = LaunchScreen.storyboard;
			sourceTree = "<group>";
		};
/* End PBXVariantGroup section */

/* Begin XCBuildConfiguration section */
		F5FD03071E69457B003F38C3 /* Debug */ = {
			isa = XCBuildConfiguration;
			buildSettings = {
				ALWAYS_SEARCH_USER_PATHS = NO;
				CLANG_ANALYZER_NONNULL = YES;
				CLANG_CXX_LANGUAGE_STANDARD = "gnu++0x";
				CLANG_CXX_LIBRARY = "libc++";
				CLANG_ENABLE_MODULES = YES;
				CLANG_ENABLE_OBJC_ARC = YES;
				CLANG_WARN_BOOL_CONVERSION = YES;
				CLANG_WARN_CONSTANT_CONVERSION = YES;
				CLANG_WARN_DIRECT_OBJC_ISA_USAGE = YES_ERROR;
				CLANG_WARN_DOCUMENTATION_COMMENTS = YES;
				CLANG_WARN_EMPTY_BODY = YES;
				CLANG_WARN_ENUM_CONVERSION = YES;
				CLANG_WARN_INFINITE_RECURSION = YES;
				CLANG_WARN_INT_CONVERSION = YES;
				CLANG_WARN_OBJC_ROOT_CLASS = YES_ERROR;
				CLANG_WARN_SUSPICIOUS_MOVE = YES;
				CLANG_WARN_UNREACHABLE_CODE = YES;
				CLANG_WARN__DUPLICATE_METHOD_MATCH = YES;
				"CODE_SIGN_IDENTITY[sdk=iphoneos*]" = "iPhone Developer";
				COPY_PHASE_STRIP = NO;
				DEBUG_INFORMATION_FORMAT = dwarf;
				ENABLE_STRICT_OBJC_MSGSEND = YES;
				ENABLE_TESTABILITY = YES;
				GCC_C_LANGUAGE_STANDARD = gnu99;
				GCC_DYNAMIC_NO_PIC = NO;
				GCC_NO_COMMON_BLOCKS = YES;
				GCC_OPTIMIZATION_LEVEL = 0;
				GCC_PREPROCESSOR_DEFINITIONS = (
					"DEBUG=1",
					"$(inherited)",
				);
				GCC_WARN_64_TO_32_BIT_CONVERSION = YES;
				GCC_WARN_ABOUT_RETURN_TYPE = YES_ERROR;
				GCC_WARN_UNDECLARED_SELECTOR = YES;
				GCC_WARN_UNINITIALIZED_AUTOS = YES_AGGRESSIVE;
				GCC_WARN_UNUSED_FUNCTION = YES;
				GCC_WARN_UNUSED_VARIABLE = YES;
				IPHONEOS_DEPLOYMENT_TARGET = 10.2;
				MTL_ENABLE_DEBUG_INFO = YES;
				ONLY_ACTIVE_ARCH = YES;
				SDKROOT = iphoneos;
			};
			name = Debug;
		};
		F5FD03081E69457B003F38C3 /* Release */ = {
			isa = XCBuildConfiguration;
			buildSettings = {
				ALWAYS_SEARCH_USER_PATHS = NO;
				CLANG_ANALYZER_NONNULL = YES;
				CLANG_CXX_LANGUAGE_STANDARD = "gnu++0x";
				CLANG_CXX_LIBRARY = "libc++";
				CLANG_ENABLE_MODULES = YES;
				CLANG_ENABLE_OBJC_ARC = YES;
				CLANG_WARN_BOOL_CONVERSION = YES;
				CLANG_WARN_CONSTANT_CONVERSION = YES;
				CLANG_WARN_DIRECT_OBJC_ISA_USAGE = YES_ERROR;
				CLANG_WARN_DOCUMENTATION_COMMENTS = YES;
				CLANG_WARN_EMPTY_BODY = YES;
				CLANG_WARN_ENUM_CONVERSION = YES;
				CLANG_WARN_INFINITE_RECURSION = YES;
				CLANG_WARN_INT_CONVERSION = YES;
				CLANG_WARN_OBJC_ROOT_CLASS = YES_ERROR;
				CLANG_WARN_SUSPICIOUS_MOVE = YES;
				CLANG_WARN_UNREACHABLE_CODE = YES;
				CLANG_WARN__DUPLICATE_METHOD_MATCH = YES;
				"CODE_SIGN_IDENTITY[sdk=iphoneos*]" = "iPhone Developer";
				COPY_PHASE_STRIP = NO;
				DEBUG_INFORMATION_FORMAT = "dwarf-with-dsym";
				ENABLE_NS_ASSERTIONS = NO;
				ENABLE_STRICT_OBJC_MSGSEND = YES;
				GCC_C_LANGUAGE_STANDARD = gnu99;
				GCC_NO_COMMON_BLOCKS = YES;
				GCC_WARN_64_TO_32_BIT_CONVERSION = YES;
				GCC_WARN_ABOUT_RETURN_TYPE = YES_ERROR;
				GCC_WARN_UNDECLARED_SELECTOR = YES;
				GCC_WARN_UNINITIALIZED_AUTOS = YES_AGGRESSIVE;
				GCC_WARN_UNUSED_FUNCTION = YES;
				GCC_WARN_UNUSED_VARIABLE = YES;
				IPHONEOS_DEPLOYMENT_TARGET = 10.2;
				MTL_ENABLE_DEBUG_INFO = NO;
				SDKROOT = iphoneos;
				VALIDATE_PRODUCT = YES;
			};
			name = Release;
		};
		F5FD030A1E69457B003F38C3 /* Debug */ = {
			isa = XCBuildConfiguration;
			buildSettings = {
				ASSETCATALOG_COMPILER_APPICON_NAME = AppIcon;
				INFOPLIST_FILE = RuntimeAssist/Info.plist;
				LD_RUNPATH_SEARCH_PATHS = "$(inherited) @executable_path/Frameworks";
				PRODUCT_BUNDLE_IDENTIFIER = Frank.RuntimeAssist;
				PRODUCT_NAME = "$(TARGET_NAME)";
			};
			name = Debug;
		};
		F5FD030B1E69457B003F38C3 /* Release */ = {
			isa = XCBuildConfiguration;
			buildSettings = {
				ASSETCATALOG_COMPILER_APPICON_NAME = AppIcon;
				INFOPLIST_FILE = RuntimeAssist/Info.plist;
				LD_RUNPATH_SEARCH_PATHS = "$(inherited) @executable_path/Frameworks";
				PRODUCT_BUNDLE_IDENTIFIER = Frank.RuntimeAssist;
				PRODUCT_NAME = "$(TARGET_NAME)";
			};
			name = Release;
		};
		F5FD030D1E69457B003F38C3 /* Debug */ = {
			isa = XCBuildConfiguration;
			buildSettings = {
				BUNDLE_LOADER = "$(TEST_HOST)";
				INFOPLIST_FILE = RuntimeAssistTests/Info.plist;
				LD_RUNPATH_SEARCH_PATHS = "$(inherited) @executable_path/Frameworks @loader_path/Frameworks";
				PRODUCT_BUNDLE_IDENTIFIER = Frank.RuntimeAssistTests;
				PRODUCT_NAME = "$(TARGET_NAME)";
				TEST_HOST = "$(BUILT_PRODUCTS_DIR)/RuntimeAssist.app/RuntimeAssist";
			};
			name = Debug;
		};
		F5FD030E1E69457B003F38C3 /* Release */ = {
			isa = XCBuildConfiguration;
			buildSettings = {
				BUNDLE_LOADER = "$(TEST_HOST)";
				INFOPLIST_FILE = RuntimeAssistTests/Info.plist;
				LD_RUNPATH_SEARCH_PATHS = "$(inherited) @executable_path/Frameworks @loader_path/Frameworks";
				PRODUCT_BUNDLE_IDENTIFIER = Frank.RuntimeAssistTests;
				PRODUCT_NAME = "$(TARGET_NAME)";
				TEST_HOST = "$(BUILT_PRODUCTS_DIR)/RuntimeAssist.app/RuntimeAssist";
			};
			name = Release;
		};
		F5FD03101E69457B003F38C3 /* Debug */ = {
			isa = XCBuildConfiguration;
			buildSettings = {
				INFOPLIST_FILE = RuntimeAssistUITests/Info.plist;
				LD_RUNPATH_SEARCH_PATHS = "$(inherited) @executable_path/Frameworks @loader_path/Frameworks";
				PRODUCT_BUNDLE_IDENTIFIER = Frank.RuntimeAssistUITests;
				PRODUCT_NAME = "$(TARGET_NAME)";
				TEST_TARGET_NAME = RuntimeAssist;
			};
			name = Debug;
		};
		F5FD03111E69457B003F38C3 /* Release */ = {
			isa = XCBuildConfiguration;
			buildSettings = {
				INFOPLIST_FILE = RuntimeAssistUITests/Info.plist;
				LD_RUNPATH_SEARCH_PATHS = "$(inherited) @executable_path/Frameworks @loader_path/Frameworks";
				PRODUCT_BUNDLE_IDENTIFIER = Frank.RuntimeAssistUITests;
				PRODUCT_NAME = "$(TARGET_NAME)";
				TEST_TARGET_NAME = RuntimeAssist;
			};
			name = Release;
		};
/* End XCBuildConfiguration section */

/* Begin XCConfigurationList section */
		F5FD02D71E69457B003F38C3 /* Build configuration list for PBXProject "RuntimeAssist" */ = {
			isa = XCConfigurationList;
			buildConfigurations = (
				F5FD03071E69457B003F38C3 /* Debug */,
				F5FD03081E69457B003F38C3 /* Release */,
			);
			defaultConfigurationIsVisible = 0;
			defaultConfigurationName = Release;
		};
		F5FD03091E69457B003F38C3 /* Build configuration list for PBXNativeTarget "RuntimeAssist" */ = {
			isa = XCConfigurationList;
			buildConfigurations = (
				F5FD030A1E69457B003F38C3 /* Debug */,
				F5FD030B1E69457B003F38C3 /* Release */,
			);
			defaultConfigurationIsVisible = 0;
		};
		F5FD030C1E69457B003F38C3 /* Build configuration list for PBXNativeTarget "RuntimeAssistTests" */ = {
			isa = XCConfigurationList;
			buildConfigurations = (
				F5FD030D1E69457B003F38C3 /* Debug */,
				F5FD030E1E69457B003F38C3 /* Release */,
			);
			defaultConfigurationIsVisible = 0;
		};
		F5FD030F1E69457B003F38C3 /* Build configuration list for PBXNativeTarget "RuntimeAssistUITests" */ = {
			isa = XCConfigurationList;
			buildConfigurations = (
				F5FD03101E69457B003F38C3 /* Debug */,
				F5FD03111E69457B003F38C3 /* Release */,
			);
			defaultConfigurationIsVisible = 0;
		};
/* End XCConfigurationList section */
	};
	rootObject = F5FD02D41E69457B003F38C3 /* Project object */;
}
